<?xml version="1.0" encoding="utf-8"?>
<Project ToolsVersion="4.0" xmlns="http://schemas.microsoft.com/developer/msbuild/2003">
  <ItemGroup>
    <Filter Include="General">
      <UniqueIdentifier>{2674d078-d679-42b7-a41e-7bcfed6c9b77}</UniqueIdentifier>
    </Filter>
    <Filter Include="Camera">
      <UniqueIdentifier>{684f13ab-8450-45be-b030-95a8e8c6d720}</UniqueIdentifier>
    </Filter>
    <Filter Include="Renderer">
      <UniqueIdentifier>{bf348a6d-f329-4c63-9fc8-ee87ab416600}</UniqueIdentifier>
    </Filter>
    <Filter Include="Clock">
      <UniqueIdentifier>{c73fbfd1-8880-49f0-911e-0c8724b31980}</UniqueIdentifier>
    </Filter>
  </ItemGroup>
  <ItemGroup>
    <ClInclude Include="Engine.h">
      <Filter>General</Filter>
    </ClInclude>
    <ClInclude Include="ExportHeader.h">
      <Filter>General</Filter>
    </ClInclude>
    <ClInclude Include="Camera.h">
      <Filter>Camera</Filter>
    </ClInclude>
    <ClInclude Include="Renderer.h">
      <Filter>Renderer</Filter>
    </ClInclude>
    <ClInclude Include="UniformManager.h">
      <Filter>Renderer</Filter>
    </ClInclude>
    <ClInclude Include="Clock.h">
      <Filter>Clock</Filter>
    </ClInclude>
  </ItemGroup>
  <ItemGroup>
    <ClCompile Include="Engine.cpp">
      <Filter>General</Filter>
    </ClCompile>
    <ClCompile Include="Camera.cpp">
      <Filter>Camera</Filter>
    </ClCompile>
    <ClCompile Include="Renderer.cpp">
      <Filter>Renderer</Filter>
    </ClCompile>
    <ClCompile Include="UniformManager.cpp">
      <Filter>Renderer</Filter>
    </ClCompile>
    <ClCompile Include="Renderer_moc.cpp">
      <Filter>Renderer</Filter>
    </ClCompile>
    <ClCompile Include="Clock.cpp">
      <Filter>Clock</Filter>
    </ClCompile>
  </ItemGroup>
</Project>