
Microsoft Visual Studio Solution File, Format Version 12.00
# Visual Studio 2012
Project("{8BC9CEB8-8B4A-11D0-8D11-00A0C91BC942}") = "Scene", "Scene.vcxproj", "{3AB30B3C-FF48-4BF0-812B-F7FD692F5A38}"
	ProjectSection(ProjectDependencies) = postProject
		{CCD95561-8D6E-4176-9F8A-0A754A3D682D} = {CCD95561-8D6E-4176-9F8A-0A754A3D682D}
		{FC63E86C-2BE2-4341-B3C5-0FCE4CC45ADA} = {FC63E86C-2BE2-4341-B3C5-0FCE4CC45ADA}
	EndProjectSection
EndProject
Project("{8BC9CEB8-8B4A-11D0-8D11-00A0C91BC942}") = "Engine", "..\..\ExternalDependencies\New Engine\Engine.vcxproj", "{CCD95561-8D6E-4176-9F8A-0A754A3D682D}"
EndProject
Project("{8BC9CEB8-8B4A-11D0-8D11-00A0C91BC942}") = "New DebugTools", "..\..\ExternalDependencies\New DebugTools\New DebugTools.vcxproj", "{FC63E86C-2BE2-4341-B3C5-0FCE4CC45ADA}"
	ProjectSection(ProjectDependencies) = postProject
		{CCD95561-8D6E-4176-9F8A-0A754A3D682D} = {CCD95561-8D6E-4176-9F8A-0A754A3D682D}
	EndProjectSection
EndProject
Global
	GlobalSection(SolutionConfigurationPlatforms) = preSolution
		Debug|Win32 = Debug|Win32
		Release|Win32 = Release|Win32
	EndGlobalSection
	GlobalSection(ProjectConfigurationPlatforms) = postSolution
		{3AB30B3C-FF48-4BF0-812B-F7FD692F5A38}.Debug|Win32.ActiveCfg = Debug|Win32
		{3AB30B3C-FF48-4BF0-812B-F7FD692F5A38}.Debug|Win32.Build.0 = Debug|Win32
		{3AB30B3C-FF48-4BF0-812B-F7FD692F5A38}.Release|Win32.ActiveCfg = Release|Win32
		{3AB30B3C-FF48-4BF0-812B-F7FD692F5A38}.Release|Win32.Build.0 = Release|Win32
		{CCD95561-8D6E-4176-9F8A-0A754A3D682D}.Debug|Win32.ActiveCfg = Debug|Win32
		{CCD95561-8D6E-4176-9F8A-0A754A3D682D}.Debug|Win32.Build.0 = Debug|Win32
		{CCD95561-8D6E-4176-9F8A-0A754A3D682D}.Release|Win32.ActiveCfg = Release|Win32
		{CCD95561-8D6E-4176-9F8A-0A754A3D682D}.Release|Win32.Build.0 = Release|Win32
		{FC63E86C-2BE2-4341-B3C5-0FCE4CC45ADA}.Debug|Win32.ActiveCfg = Debug|Win32
		{FC63E86C-2BE2-4341-B3C5-0FCE4CC45ADA}.Debug|Win32.Build.0 = Debug|Win32
		{FC63E86C-2BE2-4341-B3C5-0FCE4CC45ADA}.Release|Win32.ActiveCfg = Release|Win32
		{FC63E86C-2BE2-4341-B3C5-0FCE4CC45ADA}.Release|Win32.Build.0 = Release|Win32
	EndGlobalSection
	GlobalSection(SolutionProperties) = preSolution
		HideSolutionNode = FALSE
	EndGlobalSection
EndGlobal
